
Microsoft Visual Studio Solution File, Format Version 12.00
Project("{FAE04EC0-301F-11D3-BF4B-00C04F79EFBC}") = "QuizQuestions.Main", "QuizQuestions.Main\QuizQuestions.Main.csproj", "{1FE41265-8283-47A0-99D1-16BE0EFD119C}"
EndProject
Project("{FAE04EC0-301F-11D3-BF4B-00C04F79EFBC}") = "QuizQuestions.Model", "QuizQuestions.Model\QuizQuestions.Model.csproj", "{B4E79DFB-98A3-4160-8520-DBF068E87912}"
EndProject
Global
	GlobalSection(SolutionConfigurationPlatforms) = preSolution
		Debug|Any CPU = Debug|Any CPU
		Release|Any CPU = Release|Any CPU
	EndGlobalSection
	GlobalSection(ProjectConfigurationPlatforms) = postSolution
		{1FE41265-8283-47A0-99D1-16BE0EFD119C}.Debug|Any CPU.ActiveCfg = Debug|Any CPU
		{1FE41265-8283-47A0-99D1-16BE0EFD119C}.Debug|Any CPU.Build.0 = Debug|Any CPU
		{1FE41265-8283-47A0-99D1-16BE0EFD119C}.Release|Any CPU.ActiveCfg = Release|Any CPU
		{1FE41265-8283-47A0-99D1-16BE0EFD119C}.Release|Any CPU.Build.0 = Release|Any CPU
		{B4E79DFB-98A3-4160-8520-DBF068E87912}.Debug|Any CPU.ActiveCfg = Debug|Any CPU
		{B4E79DFB-98A3-4160-8520-DBF068E87912}.Debug|Any CPU.Build.0 = Debug|Any CPU
		{B4E79DFB-98A3-4160-8520-DBF068E87912}.Release|Any CPU.ActiveCfg = Release|Any CPU
		{B4E79DFB-98A3-4160-8520-DBF068E87912}.Release|Any CPU.Build.0 = Release|Any CPU
	EndGlobalSection
EndGlobal
